
Microsoft Visual Studio Solution File, Format Version 12.00
# Visual Studio Version 17
VisualStudioVersion = 17.7.34221.43
MinimumVisualStudioVersion = 10.0.40219.1
Project("{FAE04EC0-301F-11D3-BF4B-00C04F79EFBC}") = "WebApp-GithubActions", "WebApp-GithubActions\WebApp-GithubActions.csproj", "{20FDD93B-5FFD-4E19-9664-9BF1927F0F70}"
EndProject
Global
	GlobalSection(SolutionConfigurationPlatforms) = preSolution
		Debug|Any CPU = Debug|Any CPU
		Release|Any CPU = Release|Any CPU
	EndGlobalSection
	GlobalSection(ProjectConfigurationPlatforms) = postSolution
		{20FDD93B-5FFD-4E19-9664-9BF1927F0F70}.Debug|Any CPU.ActiveCfg = Debug|Any CPU
		{20FDD93B-5FFD-4E19-9664-9BF1927F0F70}.Debug|Any CPU.Build.0 = Debug|Any CPU
		{20FDD93B-5FFD-4E19-9664-9BF1927F0F70}.Release|Any CPU.ActiveCfg = Release|Any CPU
		{20FDD93B-5FFD-4E19-9664-9BF1927F0F70}.Release|Any CPU.Build.0 = Release|Any CPU
	EndGlobalSection
	GlobalSection(SolutionProperties) = preSolution
		HideSolutionNode = FALSE
	EndGlobalSection
	GlobalSection(ExtensibilityGlobals) = postSolution
		SolutionGuid = {7F863AA4-BDE5-4663-B33C-9DFB823E7BD7}
	EndGlobalSection
EndGlobal
